// !$*UTF8*$!
{
	archiveVersion = 1;
	classes = {
	};
	objectVersion = 56;
	objects = {

/* Begin PBXBuildFile section */
		4101EDAE290681920059CDB1 /* AcmeApp.swift in Sources */ = {isa = PBXBuildFile; fileRef = 4101EDAD290681920059CDB1 /* AcmeApp.swift */; };
		4101EDB0290681920059CDB1 /* FronteggLoginPage.swift in Sources */ = {isa = PBXBuildFile; fileRef = 4101EDAF290681920059CDB1 /* FronteggLoginPage.swift */; };
		4101EDB2290681950059CDB1 /* Assets.xcassets in Resources */ = {isa = PBXBuildFile; fileRef = 4101EDB1290681950059CDB1 /* Assets.xcassets */; };
		4101EDB6290681950059CDB1 /* Preview Assets.xcassets in Resources */ = {isa = PBXBuildFile; fileRef = 4101EDB5290681950059CDB1 /* Preview Assets.xcassets */; };
		4101EDBF2906A2620059CDB1 /* SwiftUIWebView.swift in Sources */ = {isa = PBXBuildFile; fileRef = 4101EDBE2906A2620059CDB1 /* SwiftUIWebView.swift */; };
		4101EDC729070DD40059CDB1 /* frontegg.development.min.js in Resources */ = {isa = PBXBuildFile; fileRef = 4101EDC52906F8340059CDB1 /* frontegg.development.min.js */; };
		4101EDC829070DEB0059CDB1 /* index.html in Resources */ = {isa = PBXBuildFile; fileRef = 4101EDC62906F8340059CDB1 /* index.html */; };
		4101EDCA2908A6750059CDB1 /* WKFronteggHandler.swift in Sources */ = {isa = PBXBuildFile; fileRef = 4101EDC92908A6750059CDB1 /* WKFronteggHandler.swift */; };
		4101EDCC290937F70059CDB1 /* frontegg.plist in Resources */ = {isa = PBXBuildFile; fileRef = 4101EDCB290937F70059CDB1 /* frontegg.plist */; };
		4101EDCE290984500059CDB1 /* FronteggSocialLoginAuth.swift in Sources */ = {isa = PBXBuildFile; fileRef = 4101EDCD290984500059CDB1 /* FronteggSocialLoginAuth.swift */; };
		4101EDD12909EE4D0059CDB1 /* exchange-token.html in Resources */ = {isa = PBXBuildFile; fileRef = 4101EDCF2909EE4D0059CDB1 /* exchange-token.html */; };
		4101EDD22909EE4D0059CDB1 /* authenticate.html in Resources */ = {isa = PBXBuildFile; fileRef = 4101EDD02909EE4D0059CDB1 /* authenticate.html */; };
		411EF6FA2921A2EF0082D418 /* ProfileTab.swift in Sources */ = {isa = PBXBuildFile; fileRef = 411EF6F92921A2EF0082D418 /* ProfileTab.swift */; };
		411EF6FC2921A2F90082D418 /* ProfilePicture.swift in Sources */ = {isa = PBXBuildFile; fileRef = 411EF6FB2921A2F90082D418 /* ProfilePicture.swift */; };
		411EF6FE2921A3540082D418 /* ProfileInfo.swift in Sources */ = {isa = PBXBuildFile; fileRef = 411EF6FD2921A3540082D418 /* ProfileInfo.swift */; };
		411EF7002921B0960082D418 /* MyApp.swift in Sources */ = {isa = PBXBuildFile; fileRef = 411EF6FF2921B0960082D418 /* MyApp.swift */; };
		411EF7032921B2FB0082D418 /* TasksTab.swift in Sources */ = {isa = PBXBuildFile; fileRef = 411EF7022921B2FB0082D418 /* TasksTab.swift */; };
		411EF7052921B7350082D418 /* TaskList.swift in Sources */ = {isa = PBXBuildFile; fileRef = 411EF7042921B7350082D418 /* TaskList.swift */; };
		411EF7082921C3FB0082D418 /* FronteggWrapper.swift in Sources */ = {isa = PBXBuildFile; fileRef = 411EF7072921C3FB0082D418 /* FronteggWrapper.swift */; };
		411EF70A2921C77B0082D418 /* FronteggAuth.swift in Sources */ = {isa = PBXBuildFile; fileRef = 411EF7092921C77B0082D418 /* FronteggAuth.swift */; };
		411EF70C2921C88E0082D418 /* FronteggUser.swift in Sources */ = {isa = PBXBuildFile; fileRef = 411EF70B2921C88E0082D418 /* FronteggUser.swift */; };
/* End PBXBuildFile section */

/* Begin PBXFileReference section */
		4101EDAA290681920059CDB1 /* poc.app */ = {isa = PBXFileReference; explicitFileType = wrapper.application; includeInIndex = 0; path = poc.app; sourceTree = BUILT_PRODUCTS_DIR; };
		4101EDAD290681920059CDB1 /* AcmeApp.swift */ = {isa = PBXFileReference; lastKnownFileType = sourcecode.swift; path = AcmeApp.swift; sourceTree = "<group>"; };
		4101EDAF290681920059CDB1 /* FronteggLoginPage.swift */ = {isa = PBXFileReference; lastKnownFileType = sourcecode.swift; path = FronteggLoginPage.swift; sourceTree = "<group>"; };
		4101EDB1290681950059CDB1 /* Assets.xcassets */ = {isa = PBXFileReference; lastKnownFileType = folder.assetcatalog; path = Assets.xcassets; sourceTree = "<group>"; };
		4101EDB3290681950059CDB1 /* poc.entitlements */ = {isa = PBXFileReference; lastKnownFileType = text.plist.entitlements; path = poc.entitlements; sourceTree = "<group>"; };
		4101EDB5290681950059CDB1 /* Preview Assets.xcassets */ = {isa = PBXFileReference; lastKnownFileType = folder.assetcatalog; path = "Preview Assets.xcassets"; sourceTree = "<group>"; };
		4101EDBE2906A2620059CDB1 /* SwiftUIWebView.swift */ = {isa = PBXFileReference; lastKnownFileType = sourcecode.swift; path = SwiftUIWebView.swift; sourceTree = "<group>"; };
		4101EDC52906F8340059CDB1 /* frontegg.development.min.js */ = {isa = PBXFileReference; lastKnownFileType = sourcecode.javascript; path = frontegg.development.min.js; sourceTree = "<group>"; };
		4101EDC62906F8340059CDB1 /* index.html */ = {isa = PBXFileReference; lastKnownFileType = text.html; path = index.html; sourceTree = "<group>"; };
		4101EDC92908A6750059CDB1 /* WKFronteggHandler.swift */ = {isa = PBXFileReference; lastKnownFileType = sourcecode.swift; path = WKFronteggHandler.swift; sourceTree = "<group>"; };
		4101EDCB290937F70059CDB1 /* frontegg.plist */ = {isa = PBXFileReference; lastKnownFileType = text.plist.xml; path = frontegg.plist; sourceTree = "<group>"; };
		4101EDCD290984500059CDB1 /* FronteggSocialLoginAuth.swift */ = {isa = PBXFileReference; lastKnownFileType = sourcecode.swift; path = FronteggSocialLoginAuth.swift; sourceTree = "<group>"; };
		4101EDCF2909EE4D0059CDB1 /* exchange-token.html */ = {isa = PBXFileReference; fileEncoding = 4; lastKnownFileType = text.html; name = "exchange-token.html"; path = "../../../admin-box/mobile/exchange-token.html"; sourceTree = "<group>"; };
		4101EDD02909EE4D0059CDB1 /* authenticate.html */ = {isa = PBXFileReference; fileEncoding = 4; lastKnownFileType = text.html; name = authenticate.html; path = "../../../admin-box/mobile/authenticate.html"; sourceTree = "<group>"; };
		411EF6F92921A2EF0082D418 /* ProfileTab.swift */ = {isa = PBXFileReference; lastKnownFileType = sourcecode.swift; path = ProfileTab.swift; sourceTree = "<group>"; };
		411EF6FB2921A2F90082D418 /* ProfilePicture.swift */ = {isa = PBXFileReference; lastKnownFileType = sourcecode.swift; path = ProfilePicture.swift; sourceTree = "<group>"; };
		411EF6FD2921A3540082D418 /* ProfileInfo.swift */ = {isa = PBXFileReference; lastKnownFileType = sourcecode.swift; path = ProfileInfo.swift; sourceTree = "<group>"; };
		411EF6FF2921B0960082D418 /* MyApp.swift */ = {isa = PBXFileReference; lastKnownFileType = sourcecode.swift; path = MyApp.swift; sourceTree = "<group>"; };
		411EF7022921B2FB0082D418 /* TasksTab.swift */ = {isa = PBXFileReference; lastKnownFileType = sourcecode.swift; path = TasksTab.swift; sourceTree = "<group>"; };
		411EF7042921B7350082D418 /* TaskList.swift */ = {isa = PBXFileReference; lastKnownFileType = sourcecode.swift; path = TaskList.swift; sourceTree = "<group>"; };
		411EF7072921C3FB0082D418 /* FronteggWrapper.swift */ = {isa = PBXFileReference; lastKnownFileType = sourcecode.swift; path = FronteggWrapper.swift; sourceTree = "<group>"; };
		411EF7092921C77B0082D418 /* FronteggAuth.swift */ = {isa = PBXFileReference; lastKnownFileType = sourcecode.swift; path = FronteggAuth.swift; sourceTree = "<group>"; };
		411EF70B2921C88E0082D418 /* FronteggUser.swift */ = {isa = PBXFileReference; lastKnownFileType = sourcecode.swift; path = FronteggUser.swift; sourceTree = "<group>"; };
/* End PBXFileReference section */

/* Begin PBXFrameworksBuildPhase section */
		4101EDA7290681920059CDB1 /* Frameworks */ = {
			isa = PBXFrameworksBuildPhase;
			buildActionMask = 2147483647;
			files = (
			);
			runOnlyForDeploymentPostprocessing = 0;
		};
/* End PBXFrameworksBuildPhase section */

/* Begin PBXGroup section */
		4101EDA1290681920059CDB1 = {
			isa = PBXGroup;
			children = (
				4101EDAC290681920059CDB1 /* poc */,
				4101EDAB290681920059CDB1 /* Products */,
			);
			sourceTree = "<group>";
		};
		4101EDAB290681920059CDB1 /* Products */ = {
			isa = PBXGroup;
			children = (
				4101EDAA290681920059CDB1 /* poc.app */,
			);
			name = Products;
			sourceTree = "<group>";
		};
		4101EDAC290681920059CDB1 /* poc */ = {
			isa = PBXGroup;
			children = (
				411EF7062921C3DE0082D418 /* Frontegg */,
				411EF7012921B2ED0082D418 /* tasks */,
				411EF6F82921A2E40082D418 /* profile */,
				4101EDC42906F8250059CDB1 /* resources */,
				4101EDAD290681920059CDB1 /* AcmeApp.swift */,
				4101EDAF290681920059CDB1 /* FronteggLoginPage.swift */,
				4101EDB1290681950059CDB1 /* Assets.xcassets */,
				4101EDB3290681950059CDB1 /* poc.entitlements */,
				4101EDB4290681950059CDB1 /* Preview Content */,
				4101EDBE2906A2620059CDB1 /* SwiftUIWebView.swift */,
				4101EDC92908A6750059CDB1 /* WKFronteggHandler.swift */,
				4101EDCB290937F70059CDB1 /* frontegg.plist */,
				4101EDCD290984500059CDB1 /* FronteggSocialLoginAuth.swift */,
				411EF6FF2921B0960082D418 /* MyApp.swift */,
			);
			path = poc;
			sourceTree = "<group>";
		};
		4101EDB4290681950059CDB1 /* Preview Content */ = {
			isa = PBXGroup;
			children = (
				4101EDB5290681950059CDB1 /* Preview Assets.xcassets */,
			);
			path = "Preview Content";
			sourceTree = "<group>";
		};
		4101EDC42906F8250059CDB1 /* resources */ = {
			isa = PBXGroup;
			children = (
				4101EDD02909EE4D0059CDB1 /* authenticate.html */,
				4101EDCF2909EE4D0059CDB1 /* exchange-token.html */,
				4101EDC52906F8340059CDB1 /* frontegg.development.min.js */,
				4101EDC62906F8340059CDB1 /* index.html */,
			);
			path = resources;
			sourceTree = "<group>";
		};
		411EF6F82921A2E40082D418 /* profile */ = {
			isa = PBXGroup;
			children = (
				411EF6F92921A2EF0082D418 /* ProfileTab.swift */,
				411EF6FB2921A2F90082D418 /* ProfilePicture.swift */,
				411EF6FD2921A3540082D418 /* ProfileInfo.swift */,
			);
			path = profile;
			sourceTree = "<group>";
		};
		411EF7012921B2ED0082D418 /* tasks */ = {
			isa = PBXGroup;
			children = (
				411EF7022921B2FB0082D418 /* TasksTab.swift */,
				411EF7042921B7350082D418 /* TaskList.swift */,
			);
			path = tasks;
			sourceTree = "<group>";
		};
		411EF7062921C3DE0082D418 /* Frontegg */ = {
			isa = PBXGroup;
			children = (
				411EF7072921C3FB0082D418 /* FronteggWrapper.swift */,
				411EF7092921C77B0082D418 /* FronteggAuth.swift */,
				411EF70B2921C88E0082D418 /* FronteggUser.swift */,
			);
			path = Frontegg;
			sourceTree = "<group>";
		};
/* End PBXGroup section */

/* Begin PBXNativeTarget section */
		4101EDA9290681920059CDB1 /* poc */ = {
			isa = PBXNativeTarget;
			buildConfigurationList = 4101EDB9290681950059CDB1 /* Build configuration list for PBXNativeTarget "poc" */;
			buildPhases = (
				4101EDA6290681920059CDB1 /* Sources */,
				4101EDA7290681920059CDB1 /* Frameworks */,
				4101EDA8290681920059CDB1 /* Resources */,
			);
			buildRules = (
			);
			dependencies = (
			);
			name = poc;
			productName = poc;
			productReference = 4101EDAA290681920059CDB1 /* poc.app */;
			productType = "com.apple.product-type.application";
		};
/* End PBXNativeTarget section */

/* Begin PBXProject section */
		4101EDA2290681920059CDB1 /* Project object */ = {
			isa = PBXProject;
			attributes = {
				BuildIndependentTargetsInParallel = 1;
				LastSwiftUpdateCheck = 1400;
				LastUpgradeCheck = 1400;
				TargetAttributes = {
					4101EDA9290681920059CDB1 = {
						CreatedOnToolsVersion = 14.0;
					};
				};
			};
			buildConfigurationList = 4101EDA5290681920059CDB1 /* Build configuration list for PBXProject "poc" */;
			compatibilityVersion = "Xcode 14.0";
			developmentRegion = en;
			hasScannedForEncodings = 0;
			knownRegions = (
				en,
				Base,
			);
			mainGroup = 4101EDA1290681920059CDB1;
			productRefGroup = 4101EDAB290681920059CDB1 /* Products */;
			projectDirPath = "";
			projectRoot = "";
			targets = (
				4101EDA9290681920059CDB1 /* poc */,
			);
		};
/* End PBXProject section */

/* Begin PBXResourcesBuildPhase section */
		4101EDA8290681920059CDB1 /* Resources */ = {
			isa = PBXResourcesBuildPhase;
			buildActionMask = 2147483647;
			files = (
				4101EDC729070DD40059CDB1 /* frontegg.development.min.js in Resources */,
				4101EDD22909EE4D0059CDB1 /* authenticate.html in Resources */,
				4101EDC829070DEB0059CDB1 /* index.html in Resources */,
				4101EDCC290937F70059CDB1 /* frontegg.plist in Resources */,
				4101EDB6290681950059CDB1 /* Preview Assets.xcassets in Resources */,
				4101EDD12909EE4D0059CDB1 /* exchange-token.html in Resources */,
				4101EDB2290681950059CDB1 /* Assets.xcassets in Resources */,
			);
			runOnlyForDeploymentPostprocessing = 0;
		};
/* End PBXResourcesBuildPhase section */

/* Begin PBXSourcesBuildPhase section */
		4101EDA6290681920059CDB1 /* Sources */ = {
			isa = PBXSourcesBuildPhase;
			buildActionMask = 2147483647;
			files = (
				4101EDB0290681920059CDB1 /* FronteggLoginPage.swift in Sources */,
				411EF70A2921C77B0082D418 /* FronteggAuth.swift in Sources */,
				411EF7032921B2FB0082D418 /* TasksTab.swift in Sources */,
				411EF7082921C3FB0082D418 /* FronteggWrapper.swift in Sources */,
				411EF7052921B7350082D418 /* TaskList.swift in Sources */,
				4101EDBF2906A2620059CDB1 /* SwiftUIWebView.swift in Sources */,
				411EF70C2921C88E0082D418 /* FronteggUser.swift in Sources */,
				411EF7002921B0960082D418 /* MyApp.swift in Sources */,
				411EF6FE2921A3540082D418 /* ProfileInfo.swift in Sources */,
				411EF6FA2921A2EF0082D418 /* ProfileTab.swift in Sources */,
				411EF6FC2921A2F90082D418 /* ProfilePicture.swift in Sources */,
				4101EDCE290984500059CDB1 /* FronteggSocialLoginAuth.swift in Sources */,
				4101EDCA2908A6750059CDB1 /* WKFronteggHandler.swift in Sources */,
				4101EDAE290681920059CDB1 /* AcmeApp.swift in Sources */,
			);
			runOnlyForDeploymentPostprocessing = 0;
		};
/* End PBXSourcesBuildPhase section */

/* Begin XCBuildConfiguration section */
		4101EDB7290681950059CDB1 /* Debug */ = {
			isa = XCBuildConfiguration;
			buildSettings = {
				ALWAYS_SEARCH_USER_PATHS = NO;
				CLANG_ANALYZER_NONNULL = YES;
				CLANG_ANALYZER_NUMBER_OBJECT_CONVERSION = YES_AGGRESSIVE;
				CLANG_CXX_LANGUAGE_STANDARD = "gnu++20";
				CLANG_ENABLE_MODULES = YES;
				CLANG_ENABLE_OBJC_ARC = YES;
				CLANG_ENABLE_OBJC_WEAK = YES;
				CLANG_WARN_BLOCK_CAPTURE_AUTORELEASING = YES;
				CLANG_WARN_BOOL_CONVERSION = YES;
				CLANG_WARN_COMMA = YES;
				CLANG_WARN_CONSTANT_CONVERSION = YES;
				CLANG_WARN_DEPRECATED_OBJC_IMPLEMENTATIONS = YES;
				CLANG_WARN_DIRECT_OBJC_ISA_USAGE = YES_ERROR;
				CLANG_WARN_DOCUMENTATION_COMMENTS = YES;
				CLANG_WARN_EMPTY_BODY = YES;
				CLANG_WARN_ENUM_CONVERSION = YES;
				CLANG_WARN_INFINITE_RECURSION = YES;
				CLANG_WARN_INT_CONVERSION = YES;
				CLANG_WARN_NON_LITERAL_NULL_CONVERSION = YES;
				CLANG_WARN_OBJC_IMPLICIT_RETAIN_SELF = YES;
				CLANG_WARN_OBJC_LITERAL_CONVERSION = YES;
				CLANG_WARN_OBJC_ROOT_CLASS = YES_ERROR;
				CLANG_WARN_QUOTED_INCLUDE_IN_FRAMEWORK_HEADER = YES;
				CLANG_WARN_RANGE_LOOP_ANALYSIS = YES;
				CLANG_WARN_STRICT_PROTOTYPES = YES;
				CLANG_WARN_SUSPICIOUS_MOVE = YES;
				CLANG_WARN_UNGUARDED_AVAILABILITY = YES_AGGRESSIVE;
				CLANG_WARN_UNREACHABLE_CODE = YES;
				CLANG_WARN__DUPLICATE_METHOD_MATCH = YES;
				COPY_PHASE_STRIP = NO;
				DEBUG_INFORMATION_FORMAT = dwarf;
				ENABLE_STRICT_OBJC_MSGSEND = YES;
				ENABLE_TESTABILITY = YES;
				GCC_C_LANGUAGE_STANDARD = gnu11;
				GCC_DYNAMIC_NO_PIC = NO;
				GCC_NO_COMMON_BLOCKS = YES;
				GCC_OPTIMIZATION_LEVEL = 0;
				GCC_PREPROCESSOR_DEFINITIONS = (
					"DEBUG=1",
					"$(inherited)",
				);
				GCC_WARN_64_TO_32_BIT_CONVERSION = YES;
				GCC_WARN_ABOUT_RETURN_TYPE = YES_ERROR;
				GCC_WARN_UNDECLARED_SELECTOR = YES;
				GCC_WARN_UNINITIALIZED_AUTOS = YES_AGGRESSIVE;
				GCC_WARN_UNUSED_FUNCTION = YES;
				GCC_WARN_UNUSED_VARIABLE = YES;
				MTL_ENABLE_DEBUG_INFO = INCLUDE_SOURCE;
				MTL_FAST_MATH = YES;
				ONLY_ACTIVE_ARCH = YES;
				SWIFT_ACTIVE_COMPILATION_CONDITIONS = DEBUG;
				SWIFT_OPTIMIZATION_LEVEL = "-Onone";
			};
			name = Debug;
		};
		4101EDB8290681950059CDB1 /* Release */ = {
			isa = XCBuildConfiguration;
			buildSettings = {
				ALWAYS_SEARCH_USER_PATHS = NO;
				CLANG_ANALYZER_NONNULL = YES;
				CLANG_ANALYZER_NUMBER_OBJECT_CONVERSION = YES_AGGRESSIVE;
				CLANG_CXX_LANGUAGE_STANDARD = "gnu++20";
				CLANG_ENABLE_MODULES = YES;
				CLANG_ENABLE_OBJC_ARC = YES;
				CLANG_ENABLE_OBJC_WEAK = YES;
				CLANG_WARN_BLOCK_CAPTURE_AUTORELEASING = YES;
				CLANG_WARN_BOOL_CONVERSION = YES;
				CLANG_WARN_COMMA = YES;
				CLANG_WARN_CONSTANT_CONVERSION = YES;
				CLANG_WARN_DEPRECATED_OBJC_IMPLEMENTATIONS = YES;
				CLANG_WARN_DIRECT_OBJC_ISA_USAGE = YES_ERROR;
				CLANG_WARN_DOCUMENTATION_COMMENTS = YES;
				CLANG_WARN_EMPTY_BODY = YES;
				CLANG_WARN_ENUM_CONVERSION = YES;
				CLANG_WARN_INFINITE_RECURSION = YES;
				CLANG_WARN_INT_CONVERSION = YES;
				CLANG_WARN_NON_LITERAL_NULL_CONVERSION = YES;
				CLANG_WARN_OBJC_IMPLICIT_RETAIN_SELF = YES;
				CLANG_WARN_OBJC_LITERAL_CONVERSION = YES;
				CLANG_WARN_OBJC_ROOT_CLASS = YES_ERROR;
				CLANG_WARN_QUOTED_INCLUDE_IN_FRAMEWORK_HEADER = YES;
				CLANG_WARN_RANGE_LOOP_ANALYSIS = YES;
				CLANG_WARN_STRICT_PROTOTYPES = YES;
				CLANG_WARN_SUSPICIOUS_MOVE = YES;
				CLANG_WARN_UNGUARDED_AVAILABILITY = YES_AGGRESSIVE;
				CLANG_WARN_UNREACHABLE_CODE = YES;
				CLANG_WARN__DUPLICATE_METHOD_MATCH = YES;
				COPY_PHASE_STRIP = NO;
				DEBUG_INFORMATION_FORMAT = "dwarf-with-dsym";
				ENABLE_NS_ASSERTIONS = NO;
				ENABLE_STRICT_OBJC_MSGSEND = YES;
				GCC_C_LANGUAGE_STANDARD = gnu11;
				GCC_NO_COMMON_BLOCKS = YES;
				GCC_WARN_64_TO_32_BIT_CONVERSION = YES;
				GCC_WARN_ABOUT_RETURN_TYPE = YES_ERROR;
				GCC_WARN_UNDECLARED_SELECTOR = YES;
				GCC_WARN_UNINITIALIZED_AUTOS = YES_AGGRESSIVE;
				GCC_WARN_UNUSED_FUNCTION = YES;
				GCC_WARN_UNUSED_VARIABLE = YES;
				MTL_ENABLE_DEBUG_INFO = NO;
				MTL_FAST_MATH = YES;
				SWIFT_COMPILATION_MODE = wholemodule;
				SWIFT_OPTIMIZATION_LEVEL = "-O";
			};
			name = Release;
		};
		4101EDBA290681950059CDB1 /* Debug */ = {
			isa = XCBuildConfiguration;
			buildSettings = {
				ASSETCATALOG_COMPILER_APPICON_NAME = AppIcon;
				ASSETCATALOG_COMPILER_GLOBAL_ACCENT_COLOR_NAME = AccentColor;
				CODE_SIGN_ENTITLEMENTS = poc/poc.entitlements;
				CODE_SIGN_STYLE = Automatic;
				CURRENT_PROJECT_VERSION = 1;
				DEVELOPMENT_ASSET_PATHS = "\"poc/Preview Content\"";
				DEVELOPMENT_TEAM = V4WBH85SDY;
				ENABLE_PREVIEWS = YES;
				GENERATE_INFOPLIST_FILE = YES;
				INFOPLIST_KEY_CFBundleDisplayName = ACME;
				"INFOPLIST_KEY_UIApplicationSceneManifest_Generation[sdk=iphoneos*]" = YES;
				"INFOPLIST_KEY_UIApplicationSceneManifest_Generation[sdk=iphonesimulator*]" = YES;
				"INFOPLIST_KEY_UIApplicationSupportsIndirectInputEvents[sdk=iphoneos*]" = YES;
				"INFOPLIST_KEY_UIApplicationSupportsIndirectInputEvents[sdk=iphonesimulator*]" = YES;
				"INFOPLIST_KEY_UILaunchScreen_Generation[sdk=iphoneos*]" = YES;
				"INFOPLIST_KEY_UILaunchScreen_Generation[sdk=iphonesimulator*]" = YES;
				"INFOPLIST_KEY_UIStatusBarStyle[sdk=iphoneos*]" = UIStatusBarStyleDefault;
				"INFOPLIST_KEY_UIStatusBarStyle[sdk=iphonesimulator*]" = UIStatusBarStyleDefault;
				INFOPLIST_KEY_UISupportedInterfaceOrientations_iPad = "UIInterfaceOrientationPortrait UIInterfaceOrientationPortraitUpsideDown UIInterfaceOrientationLandscapeLeft UIInterfaceOrientationLandscapeRight";
				INFOPLIST_KEY_UISupportedInterfaceOrientations_iPhone = "UIInterfaceOrientationPortrait UIInterfaceOrientationLandscapeLeft UIInterfaceOrientationLandscapeRight";
				IPHONEOS_DEPLOYMENT_TARGET = 16.0;
				LD_RUNPATH_SEARCH_PATHS = "@executable_path/Frameworks";
				"LD_RUNPATH_SEARCH_PATHS[sdk=macosx*]" = "@executable_path/../Frameworks";
				MACOSX_DEPLOYMENT_TARGET = 12.3;
				MARKETING_VERSION = 1.0;
				PRODUCT_BUNDLE_IDENTIFIER = com.frontegg.acme;
				PRODUCT_NAME = "$(TARGET_NAME)";
				SDKROOT = auto;
				SUPPORTED_PLATFORMS = "iphoneos iphonesimulator macosx";
				SWIFT_EMIT_LOC_STRINGS = YES;
				SWIFT_VERSION = 5.0;
				TARGETED_DEVICE_FAMILY = "1,2";
			};
			name = Debug;
		};
		4101EDBB290681950059CDB1 /* Release */ = {
			isa = XCBuildConfiguration;
			buildSettings = {
				ASSETCATALOG_COMPILER_APPICON_NAME = AppIcon;
				ASSETCATALOG_COMPILER_GLOBAL_ACCENT_COLOR_NAME = AccentColor;
				CODE_SIGN_ENTITLEMENTS = poc/poc.entitlements;
				CODE_SIGN_STYLE = Automatic;
				CURRENT_PROJECT_VERSION = 1;
				DEVELOPMENT_ASSET_PATHS = "\"poc/Preview Content\"";
				DEVELOPMENT_TEAM = V4WBH85SDY;
				ENABLE_PREVIEWS = YES;
				GENERATE_INFOPLIST_FILE = YES;
				INFOPLIST_KEY_CFBundleDisplayName = ACME;
				"INFOPLIST_KEY_UIApplicationSceneManifest_Generation[sdk=iphoneos*]" = YES;
				"INFOPLIST_KEY_UIApplicationSceneManifest_Generation[sdk=iphonesimulator*]" = YES;
				"INFOPLIST_KEY_UIApplicationSupportsIndirectInputEvents[sdk=iphoneos*]" = YES;
				"INFOPLIST_KEY_UIApplicationSupportsIndirectInputEvents[sdk=iphonesimulator*]" = YES;
				"INFOPLIST_KEY_UILaunchScreen_Generation[sdk=iphoneos*]" = YES;
				"INFOPLIST_KEY_UILaunchScreen_Generation[sdk=iphonesimulator*]" = YES;
				"INFOPLIST_KEY_UIStatusBarStyle[sdk=iphoneos*]" = UIStatusBarStyleDefault;
				"INFOPLIST_KEY_UIStatusBarStyle[sdk=iphonesimulator*]" = UIStatusBarStyleDefault;
				INFOPLIST_KEY_UISupportedInterfaceOrientations_iPad = "UIInterfaceOrientationPortrait UIInterfaceOrientationPortraitUpsideDown UIInterfaceOrientationLandscapeLeft UIInterfaceOrientationLandscapeRight";
				INFOPLIST_KEY_UISupportedInterfaceOrientations_iPhone = "UIInterfaceOrientationPortrait UIInterfaceOrientationLandscapeLeft UIInterfaceOrientationLandscapeRight";
				IPHONEOS_DEPLOYMENT_TARGET = 16.0;
				LD_RUNPATH_SEARCH_PATHS = "@executable_path/Frameworks";
				"LD_RUNPATH_SEARCH_PATHS[sdk=macosx*]" = "@executable_path/../Frameworks";
				MACOSX_DEPLOYMENT_TARGET = 12.3;
				MARKETING_VERSION = 1.0;
				PRODUCT_BUNDLE_IDENTIFIER = com.frontegg.acme;
				PRODUCT_NAME = "$(TARGET_NAME)";
				SDKROOT = auto;
				SUPPORTED_PLATFORMS = "iphoneos iphonesimulator macosx";
				SWIFT_EMIT_LOC_STRINGS = YES;
				SWIFT_VERSION = 5.0;
				TARGETED_DEVICE_FAMILY = "1,2";
			};
			name = Release;
		};
/* End XCBuildConfiguration section */

/* Begin XCConfigurationList section */
		4101EDA5290681920059CDB1 /* Build configuration list for PBXProject "poc" */ = {
			isa = XCConfigurationList;
			buildConfigurations = (
				4101EDB7290681950059CDB1 /* Debug */,
				4101EDB8290681950059CDB1 /* Release */,
			);
			defaultConfigurationIsVisible = 0;
			defaultConfigurationName = Release;
		};
		4101EDB9290681950059CDB1 /* Build configuration list for PBXNativeTarget "poc" */ = {
			isa = XCConfigurationList;
			buildConfigurations = (
				4101EDBA290681950059CDB1 /* Debug */,
				4101EDBB290681950059CDB1 /* Release */,
			);
			defaultConfigurationIsVisible = 0;
			defaultConfigurationName = Release;
		};
/* End XCConfigurationList section */
	};
	rootObject = 4101EDA2290681920059CDB1 /* Project object */;
}
