// !$*UTF8*$!
{
	archiveVersion = 1;
	classes = {
	};
	objectVersion = 60;
	objects = {

/* Begin PBXBuildFile section */
		417E63F22D2EF6C000108847 /* MainNavController.swift in Sources */ = {isa = PBXBuildFile; fileRef = 417E63F12D2EF6C000108847 /* MainNavController.swift */; };
		417E63F42D2EF75D00108847 /* LoginViewController.swift in Sources */ = {isa = PBXBuildFile; fileRef = 417E63F32D2EF75D00108847 /* LoginViewController.swift */; };
		417E63F62D2EF78600108847 /* BaseViewController.swift in Sources */ = {isa = PBXBuildFile; fileRef = 417E63F52D2EF78600108847 /* BaseViewController.swift */; };
		417E63F82D2EF7FB00108847 /* StreamViewController.swift in Sources */ = {isa = PBXBuildFile; fileRef = 417E63F72D2EF7FB00108847 /* StreamViewController.swift */; };
		417E63FA2D2EF8C100108847 /* Extensions.swift in Sources */ = {isa = PBXBuildFile; fileRef = 417E63F92D2EF8C100108847 /* Extensions.swift */; };
		417E63FC2D2EF8ED00108847 /* MainViewController.swift in Sources */ = {isa = PBXBuildFile; fileRef = 417E63FB2D2EF8ED00108847 /* MainViewController.swift */; };
		417E63FE2D2EF94000108847 /* Constants.swift in Sources */ = {isa = PBXBuildFile; fileRef = 417E63FD2D2EF94000108847 /* Constants.swift */; };
		41AEA8722B67F4760045C0B3 /* AppDelegate.swift in Sources */ = {isa = PBXBuildFile; fileRef = 41AEA8712B67F4760045C0B3 /* AppDelegate.swift */; };
		41AEA8742B67F4760045C0B3 /* SceneDelegate.swift in Sources */ = {isa = PBXBuildFile; fileRef = 41AEA8732B67F4760045C0B3 /* SceneDelegate.swift */; };
		41AEA8762B67F4760045C0B3 /* ViewController.swift in Sources */ = {isa = PBXBuildFile; fileRef = 41AEA8752B67F4760045C0B3 /* ViewController.swift */; };
		41AEA8792B67F4760045C0B3 /* Main.storyboard in Resources */ = {isa = PBXBuildFile; fileRef = 41AEA8772B67F4760045C0B3 /* Main.storyboard */; };
		41AEA87B2B67F4770045C0B3 /* Assets.xcassets in Resources */ = {isa = PBXBuildFile; fileRef = 41AEA87A2B67F4770045C0B3 /* Assets.xcassets */; };
		41AEA87E2B67F4770045C0B3 /* LaunchScreen.storyboard in Resources */ = {isa = PBXBuildFile; fileRef = 41AEA87C2B67F4770045C0B3 /* LaunchScreen.storyboard */; };
		41AEA8912B67FC970045C0B3 /* AuthenticationController.swift in Sources */ = {isa = PBXBuildFile; fileRef = 41AEA8902B67FC970045C0B3 /* AuthenticationController.swift */; };
		41AEA8932B67FD2A0045C0B3 /* Frontegg.plist in Resources */ = {isa = PBXBuildFile; fileRef = 41AEA8922B67FD2A0045C0B3 /* Frontegg.plist */; };
		4564D6E82D9EC1D400801B2D /* FronteggSwift in Frameworks */ = {isa = PBXBuildFile; productRef = 4564D6E72D9EC1D400801B2D /* FronteggSwift */; };
/* End PBXBuildFile section */

/* Begin PBXFileReference section */
		412291542D3824D200C5C807 /* demo-uikit.entitlements */ = {isa = PBXFileReference; lastKnownFileType = text.plist.entitlements; path = "demo-uikit.entitlements"; sourceTree = "<group>"; };
		417E63F12D2EF6C000108847 /* MainNavController.swift */ = {isa = PBXFileReference; lastKnownFileType = sourcecode.swift; path = MainNavController.swift; sourceTree = "<group>"; };
		417E63F32D2EF75D00108847 /* LoginViewController.swift */ = {isa = PBXFileReference; lastKnownFileType = sourcecode.swift; path = LoginViewController.swift; sourceTree = "<group>"; };
		417E63F52D2EF78600108847 /* BaseViewController.swift */ = {isa = PBXFileReference; lastKnownFileType = sourcecode.swift; path = BaseViewController.swift; sourceTree = "<group>"; };
		417E63F72D2EF7FB00108847 /* StreamViewController.swift */ = {isa = PBXFileReference; lastKnownFileType = sourcecode.swift; path = StreamViewController.swift; sourceTree = "<group>"; };
		417E63F92D2EF8C100108847 /* Extensions.swift */ = {isa = PBXFileReference; lastKnownFileType = sourcecode.swift; path = Extensions.swift; sourceTree = "<group>"; };
		417E63FB2D2EF8ED00108847 /* MainViewController.swift */ = {isa = PBXFileReference; lastKnownFileType = sourcecode.swift; path = MainViewController.swift; sourceTree = "<group>"; };
		417E63FD2D2EF94000108847 /* Constants.swift */ = {isa = PBXFileReference; lastKnownFileType = sourcecode.swift; path = Constants.swift; sourceTree = "<group>"; };
		41AEA86E2B67F4760045C0B3 /* demo-uikit.app */ = {isa = PBXFileReference; explicitFileType = wrapper.application; includeInIndex = 0; path = "demo-uikit.app"; sourceTree = BUILT_PRODUCTS_DIR; };
		41AEA8712B67F4760045C0B3 /* AppDelegate.swift */ = {isa = PBXFileReference; lastKnownFileType = sourcecode.swift; path = AppDelegate.swift; sourceTree = "<group>"; };
		41AEA8732B67F4760045C0B3 /* SceneDelegate.swift */ = {isa = PBXFileReference; lastKnownFileType = sourcecode.swift; path = SceneDelegate.swift; sourceTree = "<group>"; };
		41AEA8752B67F4760045C0B3 /* ViewController.swift */ = {isa = PBXFileReference; lastKnownFileType = sourcecode.swift; path = ViewController.swift; sourceTree = "<group>"; };
		41AEA8782B67F4760045C0B3 /* Base */ = {isa = PBXFileReference; lastKnownFileType = file.storyboard; name = Base; path = Base.lproj/Main.storyboard; sourceTree = "<group>"; };
		41AEA87A2B67F4770045C0B3 /* Assets.xcassets */ = {isa = PBXFileReference; lastKnownFileType = folder.assetcatalog; path = Assets.xcassets; sourceTree = "<group>"; };
		41AEA87D2B67F4770045C0B3 /* Base */ = {isa = PBXFileReference; lastKnownFileType = file.storyboard; name = Base; path = Base.lproj/LaunchScreen.storyboard; sourceTree = "<group>"; };
		41AEA87F2B67F4770045C0B3 /* Info.plist */ = {isa = PBXFileReference; lastKnownFileType = text.plist.xml; path = Info.plist; sourceTree = "<group>"; };
		41AEA8902B67FC970045C0B3 /* AuthenticationController.swift */ = {isa = PBXFileReference; lastKnownFileType = sourcecode.swift; path = AuthenticationController.swift; sourceTree = "<group>"; };
		41AEA8922B67FD2A0045C0B3 /* Frontegg.plist */ = {isa = PBXFileReference; lastKnownFileType = text.plist.xml; path = Frontegg.plist; sourceTree = "<group>"; };
/* End PBXFileReference section */

/* Begin PBXFrameworksBuildPhase section */
		41AEA86B2B67F4760045C0B3 /* Frameworks */ = {
			isa = PBXFrameworksBuildPhase;
			buildActionMask = 2147483647;
			files = (
				4564D6E82D9EC1D400801B2D /* FronteggSwift in Frameworks */,
			);
			runOnlyForDeploymentPostprocessing = 0;
		};
/* End PBXFrameworksBuildPhase section */

/* Begin PBXGroup section */
		41AEA8652B67F4760045C0B3 = {
			isa = PBXGroup;
			children = (
				41AEA8882B67F4BE0045C0B3 /* Packages */,
				41AEA8702B67F4760045C0B3 /* demo-uikit */,
				41AEA86F2B67F4760045C0B3 /* Products */,
				41AEA8852B67F48D0045C0B3 /* Frameworks */,
			);
			sourceTree = "<group>";
		};
		41AEA86F2B67F4760045C0B3 /* Products */ = {
			isa = PBXGroup;
			children = (
				41AEA86E2B67F4760045C0B3 /* demo-uikit.app */,
			);
			name = Products;
			sourceTree = "<group>";
		};
		41AEA8702B67F4760045C0B3 /* demo-uikit */ = {
			isa = PBXGroup;
			children = (
				412291542D3824D200C5C807 /* demo-uikit.entitlements */,
				41AEA8712B67F4760045C0B3 /* AppDelegate.swift */,
				41AEA8732B67F4760045C0B3 /* SceneDelegate.swift */,
				41AEA8752B67F4760045C0B3 /* ViewController.swift */,
				417E63F12D2EF6C000108847 /* MainNavController.swift */,
				41AEA8772B67F4760045C0B3 /* Main.storyboard */,
				41AEA87A2B67F4770045C0B3 /* Assets.xcassets */,
				41AEA87C2B67F4770045C0B3 /* LaunchScreen.storyboard */,
				41AEA87F2B67F4770045C0B3 /* Info.plist */,
				41AEA8902B67FC970045C0B3 /* AuthenticationController.swift */,
				41AEA8922B67FD2A0045C0B3 /* Frontegg.plist */,
				417E63F32D2EF75D00108847 /* LoginViewController.swift */,
				417E63F52D2EF78600108847 /* BaseViewController.swift */,
				417E63F72D2EF7FB00108847 /* StreamViewController.swift */,
				417E63F92D2EF8C100108847 /* Extensions.swift */,
				417E63FB2D2EF8ED00108847 /* MainViewController.swift */,
				417E63FD2D2EF94000108847 /* Constants.swift */,
			);
			path = "demo-uikit";
			sourceTree = "<group>";
		};
		41AEA8852B67F48D0045C0B3 /* Frameworks */ = {
			isa = PBXGroup;
			children = (
			);
			name = Frameworks;
			sourceTree = "<group>";
		};
		41AEA8882B67F4BE0045C0B3 /* Packages */ = {
			isa = PBXGroup;
			children = (
			);
			name = Packages;
			sourceTree = "<group>";
		};
/* End PBXGroup section */

/* Begin PBXNativeTarget section */
		41AEA86D2B67F4760045C0B3 /* demo-uikit */ = {
			isa = PBXNativeTarget;
			buildConfigurationList = 41AEA8822B67F4770045C0B3 /* Build configuration list for PBXNativeTarget "demo-uikit" */;
			buildPhases = (
				41AEA86A2B67F4760045C0B3 /* Sources */,
				41AEA86B2B67F4760045C0B3 /* Frameworks */,
				41AEA86C2B67F4760045C0B3 /* Resources */,
			);
			buildRules = (
			);
			dependencies = (
			);
			name = "demo-uikit";
			packageProductDependencies = (
				4564D6E72D9EC1D400801B2D /* FronteggSwift */,
			);
			productName = "demo-uikit";
			productReference = 41AEA86E2B67F4760045C0B3 /* demo-uikit.app */;
			productType = "com.apple.product-type.application";
		};
/* End PBXNativeTarget section */

/* Begin PBXProject section */
		41AEA8662B67F4760045C0B3 /* Project object */ = {
			isa = PBXProject;
			attributes = {
				BuildIndependentTargetsInParallel = 1;
				LastSwiftUpdateCheck = 1430;
				LastUpgradeCheck = 1430;
				TargetAttributes = {
					41AEA86D2B67F4760045C0B3 = {
						CreatedOnToolsVersion = 14.3.1;
					};
				};
			};
			buildConfigurationList = 41AEA8692B67F4760045C0B3 /* Build configuration list for PBXProject "demo-uikit" */;
			compatibilityVersion = "Xcode 14.0";
			developmentRegion = en;
			hasScannedForEncodings = 0;
			knownRegions = (
				en,
				Base,
			);
			mainGroup = 41AEA8652B67F4760045C0B3;
			packageReferences = (
				4564D6E62D9EC1D400801B2D /* XCLocalSwiftPackageReference "../../frontegg-ios-swift" */,
			);
			productRefGroup = 41AEA86F2B67F4760045C0B3 /* Products */;
			projectDirPath = "";
			projectRoot = "";
			targets = (
				41AEA86D2B67F4760045C0B3 /* demo-uikit */,
			);
		};
/* End PBXProject section */

/* Begin PBXResourcesBuildPhase section */
		41AEA86C2B67F4760045C0B3 /* Resources */ = {
			isa = PBXResourcesBuildPhase;
			buildActionMask = 2147483647;
			files = (
				41AEA8932B67FD2A0045C0B3 /* Frontegg.plist in Resources */,
				41AEA87E2B67F4770045C0B3 /* LaunchScreen.storyboard in Resources */,
				41AEA87B2B67F4770045C0B3 /* Assets.xcassets in Resources */,
				41AEA8792B67F4760045C0B3 /* Main.storyboard in Resources */,
			);
			runOnlyForDeploymentPostprocessing = 0;
		};
/* End PBXResourcesBuildPhase section */

/* Begin PBXSourcesBuildPhase section */
		41AEA86A2B67F4760045C0B3 /* Sources */ = {
			isa = PBXSourcesBuildPhase;
			buildActionMask = 2147483647;
			files = (
				417E63F82D2EF7FB00108847 /* StreamViewController.swift in Sources */,
				417E63FE2D2EF94000108847 /* Constants.swift in Sources */,
				417E63FA2D2EF8C100108847 /* Extensions.swift in Sources */,
				417E63F42D2EF75D00108847 /* LoginViewController.swift in Sources */,
				417E63F22D2EF6C000108847 /* MainNavController.swift in Sources */,
				41AEA8762B67F4760045C0B3 /* ViewController.swift in Sources */,
				41AEA8722B67F4760045C0B3 /* AppDelegate.swift in Sources */,
				41AEA8742B67F4760045C0B3 /* SceneDelegate.swift in Sources */,
				417E63F62D2EF78600108847 /* BaseViewController.swift in Sources */,
				41AEA8912B67FC970045C0B3 /* AuthenticationController.swift in Sources */,
				417E63FC2D2EF8ED00108847 /* MainViewController.swift in Sources */,
			);
			runOnlyForDeploymentPostprocessing = 0;
		};
/* End PBXSourcesBuildPhase section */

/* Begin PBXVariantGroup section */
		41AEA8772B67F4760045C0B3 /* Main.storyboard */ = {
			isa = PBXVariantGroup;
			children = (
				41AEA8782B67F4760045C0B3 /* Base */,
			);
			name = Main.storyboard;
			sourceTree = "<group>";
		};
		41AEA87C2B67F4770045C0B3 /* LaunchScreen.storyboard */ = {
			isa = PBXVariantGroup;
			children = (
				41AEA87D2B67F4770045C0B3 /* Base */,
			);
			name = LaunchScreen.storyboard;
			sourceTree = "<group>";
		};
/* End PBXVariantGroup section */

/* Begin XCBuildConfiguration section */
		41AEA8802B67F4770045C0B3 /* Debug */ = {
			isa = XCBuildConfiguration;
			buildSettings = {
				ALWAYS_SEARCH_USER_PATHS = NO;
				CLANG_ANALYZER_NONNULL = YES;
				CLANG_ANALYZER_NUMBER_OBJECT_CONVERSION = YES_AGGRESSIVE;
				CLANG_CXX_LANGUAGE_STANDARD = "gnu++20";
				CLANG_ENABLE_MODULES = YES;
				CLANG_ENABLE_OBJC_ARC = YES;
				CLANG_ENABLE_OBJC_WEAK = YES;
				CLANG_WARN_BLOCK_CAPTURE_AUTORELEASING = YES;
				CLANG_WARN_BOOL_CONVERSION = YES;
				CLANG_WARN_COMMA = YES;
				CLANG_WARN_CONSTANT_CONVERSION = YES;
				CLANG_WARN_DEPRECATED_OBJC_IMPLEMENTATIONS = YES;
				CLANG_WARN_DIRECT_OBJC_ISA_USAGE = YES_ERROR;
				CLANG_WARN_DOCUMENTATION_COMMENTS = YES;
				CLANG_WARN_EMPTY_BODY = YES;
				CLANG_WARN_ENUM_CONVERSION = YES;
				CLANG_WARN_INFINITE_RECURSION = YES;
				CLANG_WARN_INT_CONVERSION = YES;
				CLANG_WARN_NON_LITERAL_NULL_CONVERSION = YES;
				CLANG_WARN_OBJC_IMPLICIT_RETAIN_SELF = YES;
				CLANG_WARN_OBJC_LITERAL_CONVERSION = YES;
				CLANG_WARN_OBJC_ROOT_CLASS = YES_ERROR;
				CLANG_WARN_QUOTED_INCLUDE_IN_FRAMEWORK_HEADER = YES;
				CLANG_WARN_RANGE_LOOP_ANALYSIS = YES;
				CLANG_WARN_STRICT_PROTOTYPES = YES;
				CLANG_WARN_SUSPICIOUS_MOVE = YES;
				CLANG_WARN_UNGUARDED_AVAILABILITY = YES_AGGRESSIVE;
				CLANG_WARN_UNREACHABLE_CODE = YES;
				CLANG_WARN__DUPLICATE_METHOD_MATCH = YES;
				COPY_PHASE_STRIP = NO;
				DEBUG_INFORMATION_FORMAT = dwarf;
				ENABLE_STRICT_OBJC_MSGSEND = YES;
				ENABLE_TESTABILITY = YES;
				GCC_C_LANGUAGE_STANDARD = gnu11;
				GCC_DYNAMIC_NO_PIC = NO;
				GCC_NO_COMMON_BLOCKS = YES;
				GCC_OPTIMIZATION_LEVEL = 0;
				GCC_PREPROCESSOR_DEFINITIONS = (
					"DEBUG=1",
					"$(inherited)",
				);
				GCC_WARN_64_TO_32_BIT_CONVERSION = YES;
				GCC_WARN_ABOUT_RETURN_TYPE = YES_ERROR;
				GCC_WARN_UNDECLARED_SELECTOR = YES;
				GCC_WARN_UNINITIALIZED_AUTOS = YES_AGGRESSIVE;
				GCC_WARN_UNUSED_FUNCTION = YES;
				GCC_WARN_UNUSED_VARIABLE = YES;
				IPHONEOS_DEPLOYMENT_TARGET = 16.4;
				MTL_ENABLE_DEBUG_INFO = INCLUDE_SOURCE;
				MTL_FAST_MATH = YES;
				ONLY_ACTIVE_ARCH = YES;
				SDKROOT = iphoneos;
				SWIFT_ACTIVE_COMPILATION_CONDITIONS = DEBUG;
				SWIFT_OPTIMIZATION_LEVEL = "-Onone";
			};
			name = Debug;
		};
		41AEA8812B67F4770045C0B3 /* Release */ = {
			isa = XCBuildConfiguration;
			buildSettings = {
				ALWAYS_SEARCH_USER_PATHS = NO;
				CLANG_ANALYZER_NONNULL = YES;
				CLANG_ANALYZER_NUMBER_OBJECT_CONVERSION = YES_AGGRESSIVE;
				CLANG_CXX_LANGUAGE_STANDARD = "gnu++20";
				CLANG_ENABLE_MODULES = YES;
				CLANG_ENABLE_OBJC_ARC = YES;
				CLANG_ENABLE_OBJC_WEAK = YES;
				CLANG_WARN_BLOCK_CAPTURE_AUTORELEASING = YES;
				CLANG_WARN_BOOL_CONVERSION = YES;
				CLANG_WARN_COMMA = YES;
				CLANG_WARN_CONSTANT_CONVERSION = YES;
				CLANG_WARN_DEPRECATED_OBJC_IMPLEMENTATIONS = YES;
				CLANG_WARN_DIRECT_OBJC_ISA_USAGE = YES_ERROR;
				CLANG_WARN_DOCUMENTATION_COMMENTS = YES;
				CLANG_WARN_EMPTY_BODY = YES;
				CLANG_WARN_ENUM_CONVERSION = YES;
				CLANG_WARN_INFINITE_RECURSION = YES;
				CLANG_WARN_INT_CONVERSION = YES;
				CLANG_WARN_NON_LITERAL_NULL_CONVERSION = YES;
				CLANG_WARN_OBJC_IMPLICIT_RETAIN_SELF = YES;
				CLANG_WARN_OBJC_LITERAL_CONVERSION = YES;
				CLANG_WARN_OBJC_ROOT_CLASS = YES_ERROR;
				CLANG_WARN_QUOTED_INCLUDE_IN_FRAMEWORK_HEADER = YES;
				CLANG_WARN_RANGE_LOOP_ANALYSIS = YES;
				CLANG_WARN_STRICT_PROTOTYPES = YES;
				CLANG_WARN_SUSPICIOUS_MOVE = YES;
				CLANG_WARN_UNGUARDED_AVAILABILITY = YES_AGGRESSIVE;
				CLANG_WARN_UNREACHABLE_CODE = YES;
				CLANG_WARN__DUPLICATE_METHOD_MATCH = YES;
				COPY_PHASE_STRIP = NO;
				DEBUG_INFORMATION_FORMAT = "dwarf-with-dsym";
				ENABLE_NS_ASSERTIONS = NO;
				ENABLE_STRICT_OBJC_MSGSEND = YES;
				GCC_C_LANGUAGE_STANDARD = gnu11;
				GCC_NO_COMMON_BLOCKS = YES;
				GCC_WARN_64_TO_32_BIT_CONVERSION = YES;
				GCC_WARN_ABOUT_RETURN_TYPE = YES_ERROR;
				GCC_WARN_UNDECLARED_SELECTOR = YES;
				GCC_WARN_UNINITIALIZED_AUTOS = YES_AGGRESSIVE;
				GCC_WARN_UNUSED_FUNCTION = YES;
				GCC_WARN_UNUSED_VARIABLE = YES;
				IPHONEOS_DEPLOYMENT_TARGET = 16.4;
				MTL_ENABLE_DEBUG_INFO = NO;
				MTL_FAST_MATH = YES;
				SDKROOT = iphoneos;
				SWIFT_COMPILATION_MODE = wholemodule;
				SWIFT_OPTIMIZATION_LEVEL = "-O";
				VALIDATE_PRODUCT = YES;
			};
			name = Release;
		};
		41AEA8832B67F4770045C0B3 /* Debug */ = {
			isa = XCBuildConfiguration;
			buildSettings = {
				ASSETCATALOG_COMPILER_APPICON_NAME = AppIcon;
				ASSETCATALOG_COMPILER_GLOBAL_ACCENT_COLOR_NAME = AccentColor;
				CODE_SIGN_ENTITLEMENTS = "demo-uikit/demo-uikit.entitlements";
				CODE_SIGN_STYLE = Automatic;
				CURRENT_PROJECT_VERSION = 114;
				DEVELOPMENT_TEAM = 3R2X6557U2;
				GENERATE_INFOPLIST_FILE = YES;
				INFOPLIST_FILE = "demo-uikit/Info.plist";
				INFOPLIST_KEY_UIApplicationSupportsIndirectInputEvents = YES;
				INFOPLIST_KEY_UILaunchStoryboardName = LaunchScreen;
				INFOPLIST_KEY_UIMainStoryboardFile = Main;
				INFOPLIST_KEY_UISupportedInterfaceOrientations_iPad = "UIInterfaceOrientationPortrait UIInterfaceOrientationPortraitUpsideDown UIInterfaceOrientationLandscapeLeft UIInterfaceOrientationLandscapeRight";
				INFOPLIST_KEY_UISupportedInterfaceOrientations_iPhone = "UIInterfaceOrientationPortrait UIInterfaceOrientationLandscapeLeft UIInterfaceOrientationLandscapeRight";
				LD_RUNPATH_SEARCH_PATHS = (
					"$(inherited)",
					"@executable_path/Frameworks",
				);
				MARKETING_VERSION = 1.14;
				PRODUCT_BUNDLE_IDENTIFIER = com.frontegg.demo;
				PRODUCT_NAME = "$(TARGET_NAME)";
				SWIFT_EMIT_LOC_STRINGS = YES;
				SWIFT_VERSION = 5.0;
				TARGETED_DEVICE_FAMILY = "1,2";
			};
			name = Debug;
		};
		41AEA8842B67F4770045C0B3 /* Release */ = {
			isa = XCBuildConfiguration;
			buildSettings = {
				ASSETCATALOG_COMPILER_APPICON_NAME = AppIcon;
				ASSETCATALOG_COMPILER_GLOBAL_ACCENT_COLOR_NAME = AccentColor;
				CODE_SIGN_ENTITLEMENTS = "demo-uikit/demo-uikit.entitlements";
				CODE_SIGN_STYLE = Automatic;
				CURRENT_PROJECT_VERSION = 114;
				DEVELOPMENT_TEAM = 3R2X6557U2;
				GENERATE_INFOPLIST_FILE = YES;
				INFOPLIST_FILE = "demo-uikit/Info.plist";
				INFOPLIST_KEY_UIApplicationSupportsIndirectInputEvents = YES;
				INFOPLIST_KEY_UILaunchStoryboardName = LaunchScreen;
				INFOPLIST_KEY_UIMainStoryboardFile = Main;
				INFOPLIST_KEY_UISupportedInterfaceOrientations_iPad = "UIInterfaceOrientationPortrait UIInterfaceOrientationPortraitUpsideDown UIInterfaceOrientationLandscapeLeft UIInterfaceOrientationLandscapeRight";
				INFOPLIST_KEY_UISupportedInterfaceOrientations_iPhone = "UIInterfaceOrientationPortrait UIInterfaceOrientationLandscapeLeft UIInterfaceOrientationLandscapeRight";
				LD_RUNPATH_SEARCH_PATHS = (
					"$(inherited)",
					"@executable_path/Frameworks",
				);
				MARKETING_VERSION = 1.14;
				PRODUCT_BUNDLE_IDENTIFIER = com.frontegg.demo;
				PRODUCT_NAME = "$(TARGET_NAME)";
				SWIFT_EMIT_LOC_STRINGS = YES;
				SWIFT_VERSION = 5.0;
				TARGETED_DEVICE_FAMILY = "1,2";
			};
			name = Release;
		};
/* End XCBuildConfiguration section */

/* Begin XCConfigurationList section */
		41AEA8692B67F4760045C0B3 /* Build configuration list for PBXProject "demo-uikit" */ = {
			isa = XCConfigurationList;
			buildConfigurations = (
				41AEA8802B67F4770045C0B3 /* Debug */,
				41AEA8812B67F4770045C0B3 /* Release */,
			);
			defaultConfigurationIsVisible = 0;
			defaultConfigurationName = Release;
		};
		41AEA8822B67F4770045C0B3 /* Build configuration list for PBXNativeTarget "demo-uikit" */ = {
			isa = XCConfigurationList;
			buildConfigurations = (
				41AEA8832B67F4770045C0B3 /* Debug */,
				41AEA8842B67F4770045C0B3 /* Release */,
			);
			defaultConfigurationIsVisible = 0;
			defaultConfigurationName = Release;
		};
/* End XCConfigurationList section */

/* Begin XCLocalSwiftPackageReference section */
		4564D6E62D9EC1D400801B2D /* XCLocalSwiftPackageReference "../../frontegg-ios-swift" */ = {
			isa = XCLocalSwiftPackageReference;
			relativePath = "../../frontegg-ios-swift";
		};
/* End XCLocalSwiftPackageReference section */

/* Begin XCSwiftPackageProductDependency section */
		4564D6E72D9EC1D400801B2D /* FronteggSwift */ = {
			isa = XCSwiftPackageProductDependency;
			productName = FronteggSwift;
		};
/* End XCSwiftPackageProductDependency section */
	};
	rootObject = 41AEA8662B67F4760045C0B3 /* Project object */;
}
